// !$*UTF8*$!
{
	archiveVersion = 1;
	classes = {
	};
	objectVersion = 46;
	objects = {

/* Begin PBXBuildFile section */
		1FD7CB1A8D139FF72D4258F2 /* Pods_InstagramUITests.framework in Frameworks */ = {isa = PBXBuildFile; fileRef = 2C3CCDE1E960D01465659C7A /* Pods_InstagramUITests.framework */; };
		A1357200BE1A2AABE90D55C3 /* Pods_Instagram.framework in Frameworks */ = {isa = PBXBuildFile; fileRef = FA2A3143DE27CED74DB2FAA8 /* Pods_Instagram.framework */; };
		BC8B3A24A29415640AF6FFF1 /* Pods_InstagramTests.framework in Frameworks */ = {isa = PBXBuildFile; fileRef = D9142B23772DB36A7E915859 /* Pods_InstagramTests.framework */; };
		CF0225C21D63FD4D0082B7A7 /* AppDelegate.swift in Sources */ = {isa = PBXBuildFile; fileRef = CF0225C11D63FD4D0082B7A7 /* AppDelegate.swift */; };
		CF0225C41D63FD4D0082B7A7 /* ViewController.swift in Sources */ = {isa = PBXBuildFile; fileRef = CF0225C31D63FD4D0082B7A7 /* ViewController.swift */; };
		CF0225C91D63FD4D0082B7A7 /* Assets.xcassets in Resources */ = {isa = PBXBuildFile; fileRef = CF0225C81D63FD4D0082B7A7 /* Assets.xcassets */; };
		CF0225CC1D63FD4D0082B7A7 /* LaunchScreen.storyboard in Resources */ = {isa = PBXBuildFile; fileRef = CF0225CA1D63FD4D0082B7A7 /* LaunchScreen.storyboard */; };
		CF0225D71D63FD4D0082B7A7 /* InstagramTests.swift in Sources */ = {isa = PBXBuildFile; fileRef = CF0225D61D63FD4D0082B7A7 /* InstagramTests.swift */; };
		CF0225E21D63FD4D0082B7A7 /* InstagramUITests.swift in Sources */ = {isa = PBXBuildFile; fileRef = CF0225E11D63FD4D0082B7A7 /* InstagramUITests.swift */; };
		CF0F45BB1D640307009C0596 /* LoginViewController.swift in Sources */ = {isa = PBXBuildFile; fileRef = CF0F45BA1D640307009C0596 /* LoginViewController.swift */; };
		CF0F45BD1D640321009C0596 /* HomeViewController.swift in Sources */ = {isa = PBXBuildFile; fileRef = CF0F45BC1D640321009C0596 /* HomeViewController.swift */; };
		CF0F45BF1D640333009C0596 /* ImageSelectViewController.swift in Sources */ = {isa = PBXBuildFile; fileRef = CF0F45BE1D640333009C0596 /* ImageSelectViewController.swift */; };
		CF0F45C11D640347009C0596 /* PostViewController.swift in Sources */ = {isa = PBXBuildFile; fileRef = CF0F45C01D640347009C0596 /* PostViewController.swift */; };
		CF0F45C31D640358009C0596 /* SettingViewController.swift in Sources */ = {isa = PBXBuildFile; fileRef = CF0F45C21D640358009C0596 /* SettingViewController.swift */; };
		CF0F45C51D6408EB009C0596 /* GoogleService-Info.plist in Resources */ = {isa = PBXBuildFile; fileRef = CF0F45C41D6408EB009C0596 /* GoogleService-Info.plist */; };
		CF0F45C71D640A08009C0596 /* Const.swift in Sources */ = {isa = PBXBuildFile; fileRef = CF0F45C61D640A08009C0596 /* Const.swift */; };
		CFD95DB71D64499400BB8D06 /* Main.storyboard in Resources */ = {isa = PBXBuildFile; fileRef = CFD95DB61D64499400BB8D06 /* Main.storyboard */; };
		CFD95DBA1D64543000BB8D06 /* AdobeCreativeSDKCore.framework in Frameworks */ = {isa = PBXBuildFile; fileRef = CFD95DB81D64543000BB8D06 /* AdobeCreativeSDKCore.framework */; };
		CFD95DBB1D64543100BB8D06 /* AdobeCreativeSDKImage.framework in Frameworks */ = {isa = PBXBuildFile; fileRef = CFD95DB91D64543000BB8D06 /* AdobeCreativeSDKImage.framework */; };
		CFD95DBD1D64543A00BB8D06 /* AdobeCreativeSDKCoreResources.bundle in Resources */ = {isa = PBXBuildFile; fileRef = CFD95DBC1D64543A00BB8D06 /* AdobeCreativeSDKCoreResources.bundle */; };
		CFD95DBF1D64544700BB8D06 /* AdobeCreativeSDKImageResources.bundle in Resources */ = {isa = PBXBuildFile; fileRef = CFD95DBE1D64544700BB8D06 /* AdobeCreativeSDKImageResources.bundle */; };
		CFD95DC11D64549E00BB8D06 /* libc++.tbd in Frameworks */ = {isa = PBXBuildFile; fileRef = CFD95DC01D64549E00BB8D06 /* libc++.tbd */; };
		CFD95DC41D6454AD00BB8D06 /* libz.1.2.5.tbd in Frameworks */ = {isa = PBXBuildFile; fileRef = CFD95DC21D6454AD00BB8D06 /* libz.1.2.5.tbd */; };
		CFD95DC51D6454AD00BB8D06 /* libz.tbd in Frameworks */ = {isa = PBXBuildFile; fileRef = CFD95DC31D6454AD00BB8D06 /* libz.tbd */; };
		CFD95DC71D6454BA00BB8D06 /* libsqlite3.0.tbd in Frameworks */ = {isa = PBXBuildFile; fileRef = CFD95DC61D6454BA00BB8D06 /* libsqlite3.0.tbd */; };
		CFD95DC91D6454C300BB8D06 /* MobileCoreServices.framework in Frameworks */ = {isa = PBXBuildFile; fileRef = CFD95DC81D6454C300BB8D06 /* MobileCoreServices.framework */; };
		CFD95DCB1D6454CA00BB8D06 /* SystemConfiguration.framework in Frameworks */ = {isa = PBXBuildFile; fileRef = CFD95DCA1D6454CA00BB8D06 /* SystemConfiguration.framework */; };
		CFD95DCD1D6454D800BB8D06 /* Accelerate.framework in Frameworks */ = {isa = PBXBuildFile; fileRef = CFD95DCC1D6454D800BB8D06 /* Accelerate.framework */; };
		CFD95DCF1D6454E100BB8D06 /* CoreData.framework in Frameworks */ = {isa = PBXBuildFile; fileRef = CFD95DCE1D6454E100BB8D06 /* CoreData.framework */; };
		CFD95DD11D6454ED00BB8D06 /* MessageUI.framework in Frameworks */ = {isa = PBXBuildFile; fileRef = CFD95DD01D6454ED00BB8D06 /* MessageUI.framework */; };
		CFD95DD31D6454F800BB8D06 /* OpenGLES.framework in Frameworks */ = {isa = PBXBuildFile; fileRef = CFD95DD21D6454F800BB8D06 /* OpenGLES.framework */; };
		CFD95DD51D64550100BB8D06 /* QuartzCore.framework in Frameworks */ = {isa = PBXBuildFile; fileRef = CFD95DD41D64550100BB8D06 /* QuartzCore.framework */; };
		CFD95DD71D64550C00BB8D06 /* StoreKit.framework in Frameworks */ = {isa = PBXBuildFile; fileRef = CFD95DD61D64550C00BB8D06 /* StoreKit.framework */; };
		CFD95DDA1D6547EB00BB8D06 /* PostData.swift in Sources */ = {isa = PBXBuildFile; fileRef = CFD95DD91D6547EB00BB8D06 /* PostData.swift */; };
		CFD95DDE1D65506B00BB8D06 /* PostTableViewCell.xib in Resources */ = {isa = PBXBuildFile; fileRef = CFD95DDD1D65506B00BB8D06 /* PostTableViewCell.xib */; };
		CFD95DE01D6550BB00BB8D06 /* PostTableViewCell.swift in Sources */ = {isa = PBXBuildFile; fileRef = CFD95DDF1D6550BB00BB8D06 /* PostTableViewCell.swift */; };
		CFD95DE31D66B97900BB8D06 /* CommentTableViewCell.swift in Sources */ = {isa = PBXBuildFile; fileRef = CFD95DE11D66B97900BB8D06 /* CommentTableViewCell.swift */; };
		CFD95DE41D66B97900BB8D06 /* CommentTableViewCell.xib in Resources */ = {isa = PBXBuildFile; fileRef = CFD95DE21D66B97900BB8D06 /* CommentTableViewCell.xib */; };
		CFD95DE61D66DD7D00BB8D06 /* CommentData.swift in Sources */ = {isa = PBXBuildFile; fileRef = CFD95DE51D66DD7D00BB8D06 /* CommentData.swift */; };
		CFD95DE81D6C55B700BB8D06 /* LogUtils.swift in Sources */ = {isa = PBXBuildFile; fileRef = CFD95DE71D6C55B700BB8D06 /* LogUtils.swift */; };
/* End PBXBuildFile section */

/* Begin PBXContainerItemProxy section */
		CF0225D31D63FD4D0082B7A7 /* PBXContainerItemProxy */ = {
			isa = PBXContainerItemProxy;
			containerPortal = CF0225B61D63FD4D0082B7A7 /* Project object */;
			proxyType = 1;
			remoteGlobalIDString = CF0225BD1D63FD4D0082B7A7;
			remoteInfo = Instagram;
		};
		CF0225DE1D63FD4D0082B7A7 /* PBXContainerItemProxy */ = {
			isa = PBXContainerItemProxy;
			containerPortal = CF0225B61D63FD4D0082B7A7 /* Project object */;
			proxyType = 1;
			remoteGlobalIDString = CF0225BD1D63FD4D0082B7A7;
			remoteInfo = Instagram;
		};
/* End PBXContainerItemProxy section */

/* Begin PBXFileReference section */
		17A62809200D747E0FE4C499 /* Pods-InstagramUITests.release.xcconfig */ = {isa = PBXFileReference; includeInIndex = 1; lastKnownFileType = text.xcconfig; name = "Pods-InstagramUITests.release.xcconfig"; path = "Pods/Target Support Files/Pods-InstagramUITests/Pods-InstagramUITests.release.xcconfig"; sourceTree = "<group>"; };
		2C3CCDE1E960D01465659C7A /* Pods_InstagramUITests.framework */ = {isa = PBXFileReference; explicitFileType = wrapper.framework; includeInIndex = 0; path = Pods_InstagramUITests.framework; sourceTree = BUILT_PRODUCTS_DIR; };
		70FBC1BD1FB9FA2F244E8559 /* Pods-Instagram.release.xcconfig */ = {isa = PBXFileReference; includeInIndex = 1; lastKnownFileType = text.xcconfig; name = "Pods-Instagram.release.xcconfig"; path = "Pods/Target Support Files/Pods-Instagram/Pods-Instagram.release.xcconfig"; sourceTree = "<group>"; };
		7368661B4EBDADE312775DB4 /* Pods-InstagramTests.release.xcconfig */ = {isa = PBXFileReference; includeInIndex = 1; lastKnownFileType = text.xcconfig; name = "Pods-InstagramTests.release.xcconfig"; path = "Pods/Target Support Files/Pods-InstagramTests/Pods-InstagramTests.release.xcconfig"; sourceTree = "<group>"; };
		A0E5E59337A6BB9F9F711B5E /* Pods-InstagramUITests.debug.xcconfig */ = {isa = PBXFileReference; includeInIndex = 1; lastKnownFileType = text.xcconfig; name = "Pods-InstagramUITests.debug.xcconfig"; path = "Pods/Target Support Files/Pods-InstagramUITests/Pods-InstagramUITests.debug.xcconfig"; sourceTree = "<group>"; };
		B4595648DE13709BFCF1C73A /* Pods-Instagram.debug.xcconfig */ = {isa = PBXFileReference; includeInIndex = 1; lastKnownFileType = text.xcconfig; name = "Pods-Instagram.debug.xcconfig"; path = "Pods/Target Support Files/Pods-Instagram/Pods-Instagram.debug.xcconfig"; sourceTree = "<group>"; };
		CF0225BE1D63FD4D0082B7A7 /* Instagram.app */ = {isa = PBXFileReference; explicitFileType = wrapper.application; includeInIndex = 0; path = Instagram.app; sourceTree = BUILT_PRODUCTS_DIR; };
		CF0225C11D63FD4D0082B7A7 /* AppDelegate.swift */ = {isa = PBXFileReference; lastKnownFileType = sourcecode.swift; path = AppDelegate.swift; sourceTree = "<group>"; };
		CF0225C31D63FD4D0082B7A7 /* ViewController.swift */ = {isa = PBXFileReference; lastKnownFileType = sourcecode.swift; path = ViewController.swift; sourceTree = "<group>"; };
		CF0225C81D63FD4D0082B7A7 /* Assets.xcassets */ = {isa = PBXFileReference; lastKnownFileType = folder.assetcatalog; path = Assets.xcassets; sourceTree = "<group>"; };
		CF0225CB1D63FD4D0082B7A7 /* Base */ = {isa = PBXFileReference; lastKnownFileType = file.storyboard; name = Base; path = Base.lproj/LaunchScreen.storyboard; sourceTree = "<group>"; };
		CF0225CD1D63FD4D0082B7A7 /* Info.plist */ = {isa = PBXFileReference; lastKnownFileType = text.plist.xml; path = Info.plist; sourceTree = "<group>"; };
		CF0225D21D63FD4D0082B7A7 /* InstagramTests.xctest */ = {isa = PBXFileReference; explicitFileType = wrapper.cfbundle; includeInIndex = 0; path = InstagramTests.xctest; sourceTree = BUILT_PRODUCTS_DIR; };
		CF0225D61D63FD4D0082B7A7 /* InstagramTests.swift */ = {isa = PBXFileReference; lastKnownFileType = sourcecode.swift; path = InstagramTests.swift; sourceTree = "<group>"; };
		CF0225D81D63FD4D0082B7A7 /* Info.plist */ = {isa = PBXFileReference; lastKnownFileType = text.plist.xml; path = Info.plist; sourceTree = "<group>"; };
		CF0225DD1D63FD4D0082B7A7 /* InstagramUITests.xctest */ = {isa = PBXFileReference; explicitFileType = wrapper.cfbundle; includeInIndex = 0; path = InstagramUITests.xctest; sourceTree = BUILT_PRODUCTS_DIR; };
		CF0225E11D63FD4D0082B7A7 /* InstagramUITests.swift */ = {isa = PBXFileReference; lastKnownFileType = sourcecode.swift; path = InstagramUITests.swift; sourceTree = "<group>"; };
		CF0225E31D63FD4D0082B7A7 /* Info.plist */ = {isa = PBXFileReference; lastKnownFileType = text.plist.xml; path = Info.plist; sourceTree = "<group>"; };
		CF0F45BA1D640307009C0596 /* LoginViewController.swift */ = {isa = PBXFileReference; fileEncoding = 4; lastKnownFileType = sourcecode.swift; path = LoginViewController.swift; sourceTree = "<group>"; };
		CF0F45BC1D640321009C0596 /* HomeViewController.swift */ = {isa = PBXFileReference; fileEncoding = 4; lastKnownFileType = sourcecode.swift; path = HomeViewController.swift; sourceTree = "<group>"; };
		CF0F45BE1D640333009C0596 /* ImageSelectViewController.swift */ = {isa = PBXFileReference; fileEncoding = 4; lastKnownFileType = sourcecode.swift; path = ImageSelectViewController.swift; sourceTree = "<group>"; };
		CF0F45C01D640347009C0596 /* PostViewController.swift */ = {isa = PBXFileReference; fileEncoding = 4; lastKnownFileType = sourcecode.swift; path = PostViewController.swift; sourceTree = "<group>"; };
		CF0F45C21D640358009C0596 /* SettingViewController.swift */ = {isa = PBXFileReference; fileEncoding = 4; lastKnownFileType = sourcecode.swift; path = SettingViewController.swift; sourceTree = "<group>"; };
		CF0F45C41D6408EB009C0596 /* GoogleService-Info.plist */ = {isa = PBXFileReference; fileEncoding = 4; lastKnownFileType = text.plist.xml; path = "GoogleService-Info.plist"; sourceTree = "<group>"; };
		CF0F45C61D640A08009C0596 /* Const.swift */ = {isa = PBXFileReference; fileEncoding = 4; lastKnownFileType = sourcecode.swift; path = Const.swift; sourceTree = "<group>"; };
		CFD95DB61D64499400BB8D06 /* Main.storyboard */ = {isa = PBXFileReference; fileEncoding = 4; lastKnownFileType = file.storyboard; path = Main.storyboard; sourceTree = "<group>"; };
		CFD95DB81D64543000BB8D06 /* AdobeCreativeSDKCore.framework */ = {isa = PBXFileReference; lastKnownFileType = wrapper.framework; path = AdobeCreativeSDKCore.framework; sourceTree = "<group>"; };
		CFD95DB91D64543000BB8D06 /* AdobeCreativeSDKImage.framework */ = {isa = PBXFileReference; lastKnownFileType = wrapper.framework; path = AdobeCreativeSDKImage.framework; sourceTree = "<group>"; };
		CFD95DBC1D64543A00BB8D06 /* AdobeCreativeSDKCoreResources.bundle */ = {isa = PBXFileReference; lastKnownFileType = "wrapper.plug-in"; path = AdobeCreativeSDKCoreResources.bundle; sourceTree = "<group>"; };
		CFD95DBE1D64544700BB8D06 /* AdobeCreativeSDKImageResources.bundle */ = {isa = PBXFileReference; lastKnownFileType = "wrapper.plug-in"; path = AdobeCreativeSDKImageResources.bundle; sourceTree = "<group>"; };
		CFD95DC01D64549E00BB8D06 /* libc++.tbd */ = {isa = PBXFileReference; lastKnownFileType = "sourcecode.text-based-dylib-definition"; name = "libc++.tbd"; path = "usr/lib/libc++.tbd"; sourceTree = SDKROOT; };
		CFD95DC21D6454AD00BB8D06 /* libz.1.2.5.tbd */ = {isa = PBXFileReference; lastKnownFileType = "sourcecode.text-based-dylib-definition"; name = libz.1.2.5.tbd; path = usr/lib/libz.1.2.5.tbd; sourceTree = SDKROOT; };
		CFD95DC31D6454AD00BB8D06 /* libz.tbd */ = {isa = PBXFileReference; lastKnownFileType = "sourcecode.text-based-dylib-definition"; name = libz.tbd; path = usr/lib/libz.tbd; sourceTree = SDKROOT; };
		CFD95DC61D6454BA00BB8D06 /* libsqlite3.0.tbd */ = {isa = PBXFileReference; lastKnownFileType = "sourcecode.text-based-dylib-definition"; name = libsqlite3.0.tbd; path = usr/lib/libsqlite3.0.tbd; sourceTree = SDKROOT; };
		CFD95DC81D6454C300BB8D06 /* MobileCoreServices.framework */ = {isa = PBXFileReference; lastKnownFileType = wrapper.framework; name = MobileCoreServices.framework; path = System/Library/Frameworks/MobileCoreServices.framework; sourceTree = SDKROOT; };
		CFD95DCA1D6454CA00BB8D06 /* SystemConfiguration.framework */ = {isa = PBXFileReference; lastKnownFileType = wrapper.framework; name = SystemConfiguration.framework; path = System/Library/Frameworks/SystemConfiguration.framework; sourceTree = SDKROOT; };
		CFD95DCC1D6454D800BB8D06 /* Accelerate.framework */ = {isa = PBXFileReference; lastKnownFileType = wrapper.framework; name = Accelerate.framework; path = System/Library/Frameworks/Accelerate.framework; sourceTree = SDKROOT; };
		CFD95DCE1D6454E100BB8D06 /* CoreData.framework */ = {isa = PBXFileReference; lastKnownFileType = wrapper.framework; name = CoreData.framework; path = System/Library/Frameworks/CoreData.framework; sourceTree = SDKROOT; };
		CFD95DD01D6454ED00BB8D06 /* MessageUI.framework */ = {isa = PBXFileReference; lastKnownFileType = wrapper.framework; name = MessageUI.framework; path = System/Library/Frameworks/MessageUI.framework; sourceTree = SDKROOT; };
		CFD95DD21D6454F800BB8D06 /* OpenGLES.framework */ = {isa = PBXFileReference; lastKnownFileType = wrapper.framework; name = OpenGLES.framework; path = System/Library/Frameworks/OpenGLES.framework; sourceTree = SDKROOT; };
		CFD95DD41D64550100BB8D06 /* QuartzCore.framework */ = {isa = PBXFileReference; lastKnownFileType = wrapper.framework; name = QuartzCore.framework; path = System/Library/Frameworks/QuartzCore.framework; sourceTree = SDKROOT; };
		CFD95DD61D64550C00BB8D06 /* StoreKit.framework */ = {isa = PBXFileReference; lastKnownFileType = wrapper.framework; name = StoreKit.framework; path = System/Library/Frameworks/StoreKit.framework; sourceTree = SDKROOT; };
		CFD95DD81D64556C00BB8D06 /* Instagram-Bridging-Header.h */ = {isa = PBXFileReference; lastKnownFileType = sourcecode.c.h; path = "Instagram-Bridging-Header.h"; sourceTree = "<group>"; };
		CFD95DD91D6547EB00BB8D06 /* PostData.swift */ = {isa = PBXFileReference; fileEncoding = 4; lastKnownFileType = sourcecode.swift; path = PostData.swift; sourceTree = "<group>"; };
		CFD95DDD1D65506B00BB8D06 /* PostTableViewCell.xib */ = {isa = PBXFileReference; fileEncoding = 4; lastKnownFileType = file.xib; path = PostTableViewCell.xib; sourceTree = "<group>"; };
		CFD95DDF1D6550BB00BB8D06 /* PostTableViewCell.swift */ = {isa = PBXFileReference; fileEncoding = 4; lastKnownFileType = sourcecode.swift; path = PostTableViewCell.swift; sourceTree = "<group>"; };
		CFD95DE11D66B97900BB8D06 /* CommentTableViewCell.swift */ = {isa = PBXFileReference; fileEncoding = 4; lastKnownFileType = sourcecode.swift; path = CommentTableViewCell.swift; sourceTree = "<group>"; };
		CFD95DE21D66B97900BB8D06 /* CommentTableViewCell.xib */ = {isa = PBXFileReference; fileEncoding = 4; lastKnownFileType = file.xib; path = CommentTableViewCell.xib; sourceTree = "<group>"; };
		CFD95DE51D66DD7D00BB8D06 /* CommentData.swift */ = {isa = PBXFileReference; fileEncoding = 4; lastKnownFileType = sourcecode.swift; path = CommentData.swift; sourceTree = "<group>"; };
		CFD95DE71D6C55B700BB8D06 /* LogUtils.swift */ = {isa = PBXFileReference; fileEncoding = 4; lastKnownFileType = sourcecode.swift; path = LogUtils.swift; sourceTree = "<group>"; };
		D9142B23772DB36A7E915859 /* Pods_InstagramTests.framework */ = {isa = PBXFileReference; explicitFileType = wrapper.framework; includeInIndex = 0; path = Pods_InstagramTests.framework; sourceTree = BUILT_PRODUCTS_DIR; };
		DD56A9B90642BE73885E01ED /* Pods-InstagramTests.debug.xcconfig */ = {isa = PBXFileReference; includeInIndex = 1; lastKnownFileType = text.xcconfig; name = "Pods-InstagramTests.debug.xcconfig"; path = "Pods/Target Support Files/Pods-InstagramTests/Pods-InstagramTests.debug.xcconfig"; sourceTree = "<group>"; };
		FA2A3143DE27CED74DB2FAA8 /* Pods_Instagram.framework */ = {isa = PBXFileReference; explicitFileType = wrapper.framework; includeInIndex = 0; path = Pods_Instagram.framework; sourceTree = BUILT_PRODUCTS_DIR; };
/* End PBXFileReference section */

/* Begin PBXFrameworksBuildPhase section */
		CF0225BB1D63FD4D0082B7A7 /* Frameworks */ = {
			isa = PBXFrameworksBuildPhase;
			buildActionMask = 2147483647;
			files = (
				CFD95DD71D64550C00BB8D06 /* StoreKit.framework in Frameworks */,
				CFD95DD51D64550100BB8D06 /* QuartzCore.framework in Frameworks */,
				CFD95DD31D6454F800BB8D06 /* OpenGLES.framework in Frameworks */,
				CFD95DD11D6454ED00BB8D06 /* MessageUI.framework in Frameworks */,
				CFD95DCF1D6454E100BB8D06 /* CoreData.framework in Frameworks */,
				CFD95DCD1D6454D800BB8D06 /* Accelerate.framework in Frameworks */,
				CFD95DCB1D6454CA00BB8D06 /* SystemConfiguration.framework in Frameworks */,
				CFD95DC91D6454C300BB8D06 /* MobileCoreServices.framework in Frameworks */,
				CFD95DC71D6454BA00BB8D06 /* libsqlite3.0.tbd in Frameworks */,
				CFD95DC41D6454AD00BB8D06 /* libz.1.2.5.tbd in Frameworks */,
				CFD95DC51D6454AD00BB8D06 /* libz.tbd in Frameworks */,
				CFD95DC11D64549E00BB8D06 /* libc++.tbd in Frameworks */,
				A1357200BE1A2AABE90D55C3 /* Pods_Instagram.framework in Frameworks */,
				CFD95DBB1D64543100BB8D06 /* AdobeCreativeSDKImage.framework in Frameworks */,
				CFD95DBA1D64543000BB8D06 /* AdobeCreativeSDKCore.framework in Frameworks */,
			);
			runOnlyForDeploymentPostprocessing = 0;
		};
		CF0225CF1D63FD4D0082B7A7 /* Frameworks */ = {
			isa = PBXFrameworksBuildPhase;
			buildActionMask = 2147483647;
			files = (
				BC8B3A24A29415640AF6FFF1 /* Pods_InstagramTests.framework in Frameworks */,
			);
			runOnlyForDeploymentPostprocessing = 0;
		};
		CF0225DA1D63FD4D0082B7A7 /* Frameworks */ = {
			isa = PBXFrameworksBuildPhase;
			buildActionMask = 2147483647;
			files = (
				1FD7CB1A8D139FF72D4258F2 /* Pods_InstagramUITests.framework in Frameworks */,
			);
			runOnlyForDeploymentPostprocessing = 0;
		};
/* End PBXFrameworksBuildPhase section */

/* Begin PBXGroup section */
		0C2D151AA608B0ED9BA6B974 /* Pods */ = {
			isa = PBXGroup;
			children = (
				B4595648DE13709BFCF1C73A /* Pods-Instagram.debug.xcconfig */,
				70FBC1BD1FB9FA2F244E8559 /* Pods-Instagram.release.xcconfig */,
				DD56A9B90642BE73885E01ED /* Pods-InstagramTests.debug.xcconfig */,
				7368661B4EBDADE312775DB4 /* Pods-InstagramTests.release.xcconfig */,
				A0E5E59337A6BB9F9F711B5E /* Pods-InstagramUITests.debug.xcconfig */,
				17A62809200D747E0FE4C499 /* Pods-InstagramUITests.release.xcconfig */,
			);
			name = Pods;
			sourceTree = "<group>";
		};
		CF0225B51D63FD4D0082B7A7 = {
			isa = PBXGroup;
			children = (
				CF0225C01D63FD4D0082B7A7 /* Instagram */,
				CF0225D51D63FD4D0082B7A7 /* InstagramTests */,
				CF0225E01D63FD4D0082B7A7 /* InstagramUITests */,
				CF0225BF1D63FD4D0082B7A7 /* Products */,
				0C2D151AA608B0ED9BA6B974 /* Pods */,
				F63BC1B2823540779DA21ACD /* Frameworks */,
			);
			sourceTree = "<group>";
		};
		CF0225BF1D63FD4D0082B7A7 /* Products */ = {
			isa = PBXGroup;
			children = (
				CF0225BE1D63FD4D0082B7A7 /* Instagram.app */,
				CF0225D21D63FD4D0082B7A7 /* InstagramTests.xctest */,
				CF0225DD1D63FD4D0082B7A7 /* InstagramUITests.xctest */,
			);
			name = Products;
			sourceTree = "<group>";
		};
		CF0225C01D63FD4D0082B7A7 /* Instagram */ = {
			isa = PBXGroup;
			children = (
				CFD95DBE1D64544700BB8D06 /* AdobeCreativeSDKImageResources.bundle */,
				CFD95DBC1D64543A00BB8D06 /* AdobeCreativeSDKCoreResources.bundle */,
				CFD95DB81D64543000BB8D06 /* AdobeCreativeSDKCore.framework */,
				CFD95DB91D64543000BB8D06 /* AdobeCreativeSDKImage.framework */,
				CF0225C11D63FD4D0082B7A7 /* AppDelegate.swift */,
				CF0225C31D63FD4D0082B7A7 /* ViewController.swift */,
				CF0225C81D63FD4D0082B7A7 /* Assets.xcassets */,
				CFD95DB61D64499400BB8D06 /* Main.storyboard */,
				CF0225CA1D63FD4D0082B7A7 /* LaunchScreen.storyboard */,
				CF0225CD1D63FD4D0082B7A7 /* Info.plist */,
				CF0F45BA1D640307009C0596 /* LoginViewController.swift */,
				CF0F45BC1D640321009C0596 /* HomeViewController.swift */,
				CF0F45BE1D640333009C0596 /* ImageSelectViewController.swift */,
				CF0F45C01D640347009C0596 /* PostViewController.swift */,
				CF0F45C21D640358009C0596 /* SettingViewController.swift */,
				CF0F45C41D6408EB009C0596 /* GoogleService-Info.plist */,
				CF0F45C61D640A08009C0596 /* Const.swift */,
				CFD95DD81D64556C00BB8D06 /* Instagram-Bridging-Header.h */,
				CFD95DD91D6547EB00BB8D06 /* PostData.swift */,
				CFD95DDD1D65506B00BB8D06 /* PostTableViewCell.xib */,
				CFD95DDF1D6550BB00BB8D06 /* PostTableViewCell.swift */,
				CFD95DE11D66B97900BB8D06 /* CommentTableViewCell.swift */,
				CFD95DE21D66B97900BB8D06 /* CommentTableViewCell.xib */,
				CFD95DE51D66DD7D00BB8D06 /* CommentData.swift */,
				CFD95DE71D6C55B700BB8D06 /* LogUtils.swift */,
			);
			path = Instagram;
			sourceTree = "<group>";
		};
		CF0225D51D63FD4D0082B7A7 /* InstagramTests */ = {
			isa = PBXGroup;
			children = (
				CF0225D61D63FD4D0082B7A7 /* InstagramTests.swift */,
				CF0225D81D63FD4D0082B7A7 /* Info.plist */,
			);
			path = InstagramTests;
			sourceTree = "<group>";
		};
		CF0225E01D63FD4D0082B7A7 /* InstagramUITests */ = {
			isa = PBXGroup;
			children = (
				CF0225E11D63FD4D0082B7A7 /* InstagramUITests.swift */,
				CF0225E31D63FD4D0082B7A7 /* Info.plist */,
			);
			path = InstagramUITests;
			sourceTree = "<group>";
		};
		F63BC1B2823540779DA21ACD /* Frameworks */ = {
			isa = PBXGroup;
			children = (
				CFD95DD61D64550C00BB8D06 /* StoreKit.framework */,
				CFD95DD41D64550100BB8D06 /* QuartzCore.framework */,
				CFD95DD21D6454F800BB8D06 /* OpenGLES.framework */,
				CFD95DD01D6454ED00BB8D06 /* MessageUI.framework */,
				CFD95DCE1D6454E100BB8D06 /* CoreData.framework */,
				CFD95DCC1D6454D800BB8D06 /* Accelerate.framework */,
				CFD95DCA1D6454CA00BB8D06 /* SystemConfiguration.framework */,
				CFD95DC81D6454C300BB8D06 /* MobileCoreServices.framework */,
				CFD95DC61D6454BA00BB8D06 /* libsqlite3.0.tbd */,
				CFD95DC21D6454AD00BB8D06 /* libz.1.2.5.tbd */,
				CFD95DC31D6454AD00BB8D06 /* libz.tbd */,
				CFD95DC01D64549E00BB8D06 /* libc++.tbd */,
				FA2A3143DE27CED74DB2FAA8 /* Pods_Instagram.framework */,
				D9142B23772DB36A7E915859 /* Pods_InstagramTests.framework */,
				2C3CCDE1E960D01465659C7A /* Pods_InstagramUITests.framework */,
			);
			name = Frameworks;
			sourceTree = "<group>";
		};
/* End PBXGroup section */

/* Begin PBXNativeTarget section */
		CF0225BD1D63FD4D0082B7A7 /* Instagram */ = {
			isa = PBXNativeTarget;
			buildConfigurationList = CF0225E61D63FD4D0082B7A7 /* Build configuration list for PBXNativeTarget "Instagram" */;
			buildPhases = (
				E815DE2596A129CBBD256DFE /* [CP] Check Pods Manifest.lock */,
				CF0225BA1D63FD4D0082B7A7 /* Sources */,
				CF0225BB1D63FD4D0082B7A7 /* Frameworks */,
				CF0225BC1D63FD4D0082B7A7 /* Resources */,
				A5C3B27554E01DA50811DDD3 /* [CP] Embed Pods Frameworks */,
				68AF2786AECED099771347D1 /* [CP] Copy Pods Resources */,
			);
			buildRules = (
			);
			dependencies = (
			);
			name = Instagram;
			productName = Instagram;
			productReference = CF0225BE1D63FD4D0082B7A7 /* Instagram.app */;
			productType = "com.apple.product-type.application";
		};
		CF0225D11D63FD4D0082B7A7 /* InstagramTests */ = {
			isa = PBXNativeTarget;
			buildConfigurationList = CF0225E91D63FD4D0082B7A7 /* Build configuration list for PBXNativeTarget "InstagramTests" */;
			buildPhases = (
				8824DB986E33A4E53EDDB697 /* [CP] Check Pods Manifest.lock */,
				CF0225CE1D63FD4D0082B7A7 /* Sources */,
				CF0225CF1D63FD4D0082B7A7 /* Frameworks */,
				CF0225D01D63FD4D0082B7A7 /* Resources */,
				092A56696448795A24108766 /* [CP] Embed Pods Frameworks */,
				E568BC9003C33C893B49E8CA /* [CP] Copy Pods Resources */,
			);
			buildRules = (
			);
			dependencies = (
				CF0225D41D63FD4D0082B7A7 /* PBXTargetDependency */,
			);
			name = InstagramTests;
			productName = InstagramTests;
			productReference = CF0225D21D63FD4D0082B7A7 /* InstagramTests.xctest */;
			productType = "com.apple.product-type.bundle.unit-test";
		};
		CF0225DC1D63FD4D0082B7A7 /* InstagramUITests */ = {
			isa = PBXNativeTarget;
			buildConfigurationList = CF0225EC1D63FD4D0082B7A7 /* Build configuration list for PBXNativeTarget "InstagramUITests" */;
			buildPhases = (
				3FFC27F0987C7BB67754EABD /* [CP] Check Pods Manifest.lock */,
				CF0225D91D63FD4D0082B7A7 /* Sources */,
				CF0225DA1D63FD4D0082B7A7 /* Frameworks */,
				CF0225DB1D63FD4D0082B7A7 /* Resources */,
				AC5737FC8FC379E6CB49A092 /* [CP] Copy Pods Resources */,
			);
			buildRules = (
			);
			dependencies = (
				CF0225DF1D63FD4D0082B7A7 /* PBXTargetDependency */,
			);
			name = InstagramUITests;
			productName = InstagramUITests;
			productReference = CF0225DD1D63FD4D0082B7A7 /* InstagramUITests.xctest */;
			productType = "com.apple.product-type.bundle.ui-testing";
		};
/* End PBXNativeTarget section */

/* Begin PBXProject section */
		CF0225B61D63FD4D0082B7A7 /* Project object */ = {
			isa = PBXProject;
			attributes = {
				LastSwiftUpdateCheck = 0730;
				LastUpgradeCheck = 0730;
				ORGANIZATIONNAME = "田中舜一";
				TargetAttributes = {
					CF0225BD1D63FD4D0082B7A7 = {
						CreatedOnToolsVersion = 7.3.1;
					};
					CF0225D11D63FD4D0082B7A7 = {
						CreatedOnToolsVersion = 7.3.1;
						TestTargetID = CF0225BD1D63FD4D0082B7A7;
					};
					CF0225DC1D63FD4D0082B7A7 = {
						CreatedOnToolsVersion = 7.3.1;
						TestTargetID = CF0225BD1D63FD4D0082B7A7;
					};
				};
			};
			buildConfigurationList = CF0225B91D63FD4D0082B7A7 /* Build configuration list for PBXProject "Instagram" */;
			compatibilityVersion = "Xcode 3.2";
			developmentRegion = English;
			hasScannedForEncodings = 0;
			knownRegions = (
				en,
				Base,
			);
			mainGroup = CF0225B51D63FD4D0082B7A7;
			productRefGroup = CF0225BF1D63FD4D0082B7A7 /* Products */;
			projectDirPath = "";
			projectRoot = "";
			targets = (
				CF0225BD1D63FD4D0082B7A7 /* Instagram */,
				CF0225D11D63FD4D0082B7A7 /* InstagramTests */,
				CF0225DC1D63FD4D0082B7A7 /* InstagramUITests */,
			);
		};
/* End PBXProject section */

/* Begin PBXResourcesBuildPhase section */
		CF0225BC1D63FD4D0082B7A7 /* Resources */ = {
			isa = PBXResourcesBuildPhase;
			buildActionMask = 2147483647;
			files = (
				CF0225CC1D63FD4D0082B7A7 /* LaunchScreen.storyboard in Resources */,
				CFD95DBF1D64544700BB8D06 /* AdobeCreativeSDKImageResources.bundle in Resources */,
				CFD95DBD1D64543A00BB8D06 /* AdobeCreativeSDKCoreResources.bundle in Resources */,
				CF0F45C51D6408EB009C0596 /* GoogleService-Info.plist in Resources */,
				CFD95DDE1D65506B00BB8D06 /* PostTableViewCell.xib in Resources */,
				CF0225C91D63FD4D0082B7A7 /* Assets.xcassets in Resources */,
				CFD95DB71D64499400BB8D06 /* Main.storyboard in Resources */,
				CFD95DE41D66B97900BB8D06 /* CommentTableViewCell.xib in Resources */,
			);
			runOnlyForDeploymentPostprocessing = 0;
		};
		CF0225D01D63FD4D0082B7A7 /* Resources */ = {
			isa = PBXResourcesBuildPhase;
			buildActionMask = 2147483647;
			files = (
			);
			runOnlyForDeploymentPostprocessing = 0;
		};
		CF0225DB1D63FD4D0082B7A7 /* Resources */ = {
			isa = PBXResourcesBuildPhase;
			buildActionMask = 2147483647;
			files = (
			);
			runOnlyForDeploymentPostprocessing = 0;
		};
/* End PBXResourcesBuildPhase section */

/* Begin PBXShellScriptBuildPhase section */
		092A56696448795A24108766 /* [CP] Embed Pods Frameworks */ = {
			isa = PBXShellScriptBuildPhase;
			buildActionMask = 2147483647;
			files = (
			);
			inputPaths = (
			);
			name = "[CP] Embed Pods Frameworks";
			outputPaths = (
			);
			runOnlyForDeploymentPostprocessing = 0;
			shellPath = /bin/sh;
			shellScript = "\"${SRCROOT}/Pods/Target Support Files/Pods-InstagramTests/Pods-InstagramTests-frameworks.sh\"\n";
			showEnvVarsInLog = 0;
		};
		3FFC27F0987C7BB67754EABD /* [CP] Check Pods Manifest.lock */ = {
			isa = PBXShellScriptBuildPhase;
			buildActionMask = 2147483647;
			files = (
			);
			inputPaths = (
			);
			name = "[CP] Check Pods Manifest.lock";
			outputPaths = (
			);
			runOnlyForDeploymentPostprocessing = 0;
			shellPath = /bin/sh;
			shellScript = "diff \"${PODS_ROOT}/../Podfile.lock\" \"${PODS_ROOT}/Manifest.lock\" > /dev/null\nif [[ $? != 0 ]] ; then\n    cat << EOM\nerror: The sandbox is not in sync with the Podfile.lock. Run 'pod install' or update your CocoaPods installation.\nEOM\n    exit 1\nfi\n";
			showEnvVarsInLog = 0;
		};
		68AF2786AECED099771347D1 /* [CP] Copy Pods Resources */ = {
			isa = PBXShellScriptBuildPhase;
			buildActionMask = 2147483647;
			files = (
			);
			inputPaths = (
			);
			name = "[CP] Copy Pods Resources";
			outputPaths = (
			);
			runOnlyForDeploymentPostprocessing = 0;
			shellPath = /bin/sh;
			shellScript = "\"${SRCROOT}/Pods/Target Support Files/Pods-Instagram/Pods-Instagram-resources.sh\"\n";
			showEnvVarsInLog = 0;
		};
		8824DB986E33A4E53EDDB697 /* [CP] Check Pods Manifest.lock */ = {
			isa = PBXShellScriptBuildPhase;
			buildActionMask = 2147483647;
			files = (
			);
			inputPaths = (
			);
			name = "[CP] Check Pods Manifest.lock";
			outputPaths = (
			);
			runOnlyForDeploymentPostprocessing = 0;
			shellPath = /bin/sh;
			shellScript = "diff \"${PODS_ROOT}/../Podfile.lock\" \"${PODS_ROOT}/Manifest.lock\" > /dev/null\nif [[ $? != 0 ]] ; then\n    cat << EOM\nerror: The sandbox is not in sync with the Podfile.lock. Run 'pod install' or update your CocoaPods installation.\nEOM\n    exit 1\nfi\n";
			showEnvVarsInLog = 0;
		};
		A5C3B27554E01DA50811DDD3 /* [CP] Embed Pods Frameworks */ = {
			isa = PBXShellScriptBuildPhase;
			buildActionMask = 2147483647;
			files = (
			);
			inputPaths = (
			);
			name = "[CP] Embed Pods Frameworks";
			outputPaths = (
			);
			runOnlyForDeploymentPostprocessing = 0;
			shellPath = /bin/sh;
			shellScript = "\"${SRCROOT}/Pods/Target Support Files/Pods-Instagram/Pods-Instagram-frameworks.sh\"\n";
			showEnvVarsInLog = 0;
		};
		AC5737FC8FC379E6CB49A092 /* [CP] Copy Pods Resources */ = {
			isa = PBXShellScriptBuildPhase;
			buildActionMask = 2147483647;
			files = (
			);
			inputPaths = (
			);
			name = "[CP] Copy Pods Resources";
			outputPaths = (
			);
			runOnlyForDeploymentPostprocessing = 0;
			shellPath = /bin/sh;
			shellScript = "\"${SRCROOT}/Pods/Target Support Files/Pods-InstagramUITests/Pods-InstagramUITests-resources.sh\"\n";
			showEnvVarsInLog = 0;
		};
		E568BC9003C33C893B49E8CA /* [CP] Copy Pods Resources */ = {
			isa = PBXShellScriptBuildPhase;
			buildActionMask = 2147483647;
			files = (
			);
			inputPaths = (
			);
			name = "[CP] Copy Pods Resources";
			outputPaths = (
			);
			runOnlyForDeploymentPostprocessing = 0;
			shellPath = /bin/sh;
			shellScript = "\"${SRCROOT}/Pods/Target Support Files/Pods-InstagramTests/Pods-InstagramTests-resources.sh\"\n";
			showEnvVarsInLog = 0;
		};
		E815DE2596A129CBBD256DFE /* [CP] Check Pods Manifest.lock */ = {
			isa = PBXShellScriptBuildPhase;
			buildActionMask = 2147483647;
			files = (
			);
			inputPaths = (
			);
			name = "[CP] Check Pods Manifest.lock";
			outputPaths = (
			);
			runOnlyForDeploymentPostprocessing = 0;
			shellPath = /bin/sh;
			shellScript = "diff \"${PODS_ROOT}/../Podfile.lock\" \"${PODS_ROOT}/Manifest.lock\" > /dev/null\nif [[ $? != 0 ]] ; then\n    cat << EOM\nerror: The sandbox is not in sync with the Podfile.lock. Run 'pod install' or update your CocoaPods installation.\nEOM\n    exit 1\nfi\n";
			showEnvVarsInLog = 0;
		};
/* End PBXShellScriptBuildPhase section */

/* Begin PBXSourcesBuildPhase section */
		CF0225BA1D63FD4D0082B7A7 /* Sources */ = {
			isa = PBXSourcesBuildPhase;
			buildActionMask = 2147483647;
			files = (
				CFD95DE31D66B97900BB8D06 /* CommentTableViewCell.swift in Sources */,
				CFD95DE61D66DD7D00BB8D06 /* CommentData.swift in Sources */,
				CF0F45C11D640347009C0596 /* PostViewController.swift in Sources */,
				CFD95DDA1D6547EB00BB8D06 /* PostData.swift in Sources */,
				CF0F45BB1D640307009C0596 /* LoginViewController.swift in Sources */,
				CF0225C41D63FD4D0082B7A7 /* ViewController.swift in Sources */,
				CF0225C21D63FD4D0082B7A7 /* AppDelegate.swift in Sources */,
				CF0F45BF1D640333009C0596 /* ImageSelectViewController.swift in Sources */,
				CFD95DE81D6C55B700BB8D06 /* LogUtils.swift in Sources */,
				CF0F45C71D640A08009C0596 /* Const.swift in Sources */,
				CFD95DE01D6550BB00BB8D06 /* PostTableViewCell.swift in Sources */,
				CF0F45C31D640358009C0596 /* SettingViewController.swift in Sources */,
				CF0F45BD1D640321009C0596 /* HomeViewController.swift in Sources */,
			);
			runOnlyForDeploymentPostprocessing = 0;
		};
		CF0225CE1D63FD4D0082B7A7 /* Sources */ = {
			isa = PBXSourcesBuildPhase;
			buildActionMask = 2147483647;
			files = (
				CF0225D71D63FD4D0082B7A7 /* InstagramTests.swift in Sources */,
			);
			runOnlyForDeploymentPostprocessing = 0;
		};
		CF0225D91D63FD4D0082B7A7 /* Sources */ = {
			isa = PBXSourcesBuildPhase;
			buildActionMask = 2147483647;
			files = (
				CF0225E21D63FD4D0082B7A7 /* InstagramUITests.swift in Sources */,
			);
			runOnlyForDeploymentPostprocessing = 0;
		};
/* End PBXSourcesBuildPhase section */

/* Begin PBXTargetDependency section */
		CF0225D41D63FD4D0082B7A7 /* PBXTargetDependency */ = {
			isa = PBXTargetDependency;
			target = CF0225BD1D63FD4D0082B7A7 /* Instagram */;
			targetProxy = CF0225D31D63FD4D0082B7A7 /* PBXContainerItemProxy */;
		};
		CF0225DF1D63FD4D0082B7A7 /* PBXTargetDependency */ = {
			isa = PBXTargetDependency;
			target = CF0225BD1D63FD4D0082B7A7 /* Instagram */;
			targetProxy = CF0225DE1D63FD4D0082B7A7 /* PBXContainerItemProxy */;
		};
/* End PBXTargetDependency section */

/* Begin PBXVariantGroup section */
		CF0225CA1D63FD4D0082B7A7 /* LaunchScreen.storyboard */ = {
			isa = PBXVariantGroup;
			children = (
				CF0225CB1D63FD4D0082B7A7 /* Base */,
			);
			name = LaunchScreen.storyboard;
			sourceTree = "<group>";
		};
/* End PBXVariantGroup section */

/* Begin XCBuildConfiguration section */
		CF0225E41D63FD4D0082B7A7 /* Debug */ = {
			isa = XCBuildConfiguration;
			buildSettings = {
				ALWAYS_SEARCH_USER_PATHS = NO;
				CLANG_ANALYZER_NONNULL = YES;
				CLANG_CXX_LANGUAGE_STANDARD = "gnu++0x";
				CLANG_CXX_LIBRARY = "libc++";
				CLANG_ENABLE_MODULES = YES;
				CLANG_ENABLE_OBJC_ARC = YES;
				CLANG_WARN_BOOL_CONVERSION = YES;
				CLANG_WARN_CONSTANT_CONVERSION = YES;
				CLANG_WARN_DIRECT_OBJC_ISA_USAGE = YES_ERROR;
				CLANG_WARN_EMPTY_BODY = YES;
				CLANG_WARN_ENUM_CONVERSION = YES;
				CLANG_WARN_INT_CONVERSION = YES;
				CLANG_WARN_OBJC_ROOT_CLASS = YES_ERROR;
				CLANG_WARN_UNREACHABLE_CODE = YES;
				CLANG_WARN__DUPLICATE_METHOD_MATCH = YES;
				"CODE_SIGN_IDENTITY[sdk=iphoneos*]" = "iPhone Developer";
				COPY_PHASE_STRIP = NO;
				DEBUG_INFORMATION_FORMAT = dwarf;
				ENABLE_STRICT_OBJC_MSGSEND = YES;
				ENABLE_TESTABILITY = YES;
				GCC_C_LANGUAGE_STANDARD = gnu99;
				GCC_DYNAMIC_NO_PIC = NO;
				GCC_NO_COMMON_BLOCKS = YES;
				GCC_OPTIMIZATION_LEVEL = 0;
				GCC_PREPROCESSOR_DEFINITIONS = (
					"DEBUG=1",
					"$(inherited)",
				);
				GCC_WARN_64_TO_32_BIT_CONVERSION = YES;
				GCC_WARN_ABOUT_RETURN_TYPE = YES_ERROR;
				GCC_WARN_UNDECLARED_SELECTOR = YES;
				GCC_WARN_UNINITIALIZED_AUTOS = YES_AGGRESSIVE;
				GCC_WARN_UNUSED_FUNCTION = YES;
				GCC_WARN_UNUSED_VARIABLE = YES;
				IPHONEOS_DEPLOYMENT_TARGET = 9.3;
				MTL_ENABLE_DEBUG_INFO = YES;
				ONLY_ACTIVE_ARCH = YES;
				SDKROOT = iphoneos;
				SWIFT_OPTIMIZATION_LEVEL = "-Onone";
			};
			name = Debug;
		};
		CF0225E51D63FD4D0082B7A7 /* Release */ = {
			isa = XCBuildConfiguration;
			buildSettings = {
				ALWAYS_SEARCH_USER_PATHS = NO;
				CLANG_ANALYZER_NONNULL = YES;
				CLANG_CXX_LANGUAGE_STANDARD = "gnu++0x";
				CLANG_CXX_LIBRARY = "libc++";
				CLANG_ENABLE_MODULES = YES;
				CLANG_ENABLE_OBJC_ARC = YES;
				CLANG_WARN_BOOL_CONVERSION = YES;
				CLANG_WARN_CONSTANT_CONVERSION = YES;
				CLANG_WARN_DIRECT_OBJC_ISA_USAGE = YES_ERROR;
				CLANG_WARN_EMPTY_BODY = YES;
				CLANG_WARN_ENUM_CONVERSION = YES;
				CLANG_WARN_INT_CONVERSION = YES;
				CLANG_WARN_OBJC_ROOT_CLASS = YES_ERROR;
				CLANG_WARN_UNREACHABLE_CODE = YES;
				CLANG_WARN__DUPLICATE_METHOD_MATCH = YES;
				"CODE_SIGN_IDENTITY[sdk=iphoneos*]" = "iPhone Developer";
				COPY_PHASE_STRIP = NO;
				DEBUG_INFORMATION_FORMAT = "dwarf-with-dsym";
				ENABLE_NS_ASSERTIONS = NO;
				ENABLE_STRICT_OBJC_MSGSEND = YES;
				GCC_C_LANGUAGE_STANDARD = gnu99;
				GCC_NO_COMMON_BLOCKS = YES;
				GCC_WARN_64_TO_32_BIT_CONVERSION = YES;
				GCC_WARN_ABOUT_RETURN_TYPE = YES_ERROR;
				GCC_WARN_UNDECLARED_SELECTOR = YES;
				GCC_WARN_UNINITIALIZED_AUTOS = YES_AGGRESSIVE;
				GCC_WARN_UNUSED_FUNCTION = YES;
				GCC_WARN_UNUSED_VARIABLE = YES;
				IPHONEOS_DEPLOYMENT_TARGET = 9.3;
				MTL_ENABLE_DEBUG_INFO = NO;
				SDKROOT = iphoneos;
				VALIDATE_PRODUCT = YES;
			};
			name = Release;
		};
		CF0225E71D63FD4D0082B7A7 /* Debug */ = {
			isa = XCBuildConfiguration;
			baseConfigurationReference = B4595648DE13709BFCF1C73A /* Pods-Instagram.debug.xcconfig */;
			buildSettings = {
				ASSETCATALOG_COMPILER_APPICON_NAME = AppIcon;
				FRAMEWORK_SEARCH_PATHS = (
					"$(inherited)",
					"$(PROJECT_DIR)/Instagram",
				);
				INFOPLIST_FILE = Instagram/Info.plist;
				LD_RUNPATH_SEARCH_PATHS = "$(inherited) @executable_path/Frameworks";
				OTHER_LDFLAGS = (
					"$(inherited)",
					"-ObjC",
					"-l\"c++\"",
					"-l\"icucore\"",
					"-l\"sqlite3\"",
					"-l\"z\"",
					"-framework",
					"\"AdSupport\"",
					"-framework",
					"\"AddressBook\"",
					"-framework",
					"\"CFNetwork\"",
					"-framework",
					"\"CoreGraphics\"",
					"-framework",
					"\"ESTabBarController\"",
					"-framework",
					"\"FirebaseAnalytics\"",
					"-framework",
					"\"FirebaseAuth\"",
					"-framework",
					"\"FirebaseDatabase\"",
					"-framework",
					"\"FirebaseInstanceID\"",
					"-framework",
					"\"GoogleInterchangeUtilities\"",
					"-framework",
					"\"GoogleNetworkingUtilities\"",
					"-framework",
					"\"GoogleParsingUtilities\"",
					"-framework",
					"\"GoogleSymbolUtilities\"",
					"-framework",
					"\"GoogleUtilities\"",
					"-framework",
					"\"SVProgressHUD\"",
					"-framework",
					"\"SafariServices\"",
					"-framework",
					"\"Security\"",
					"-framework",
					"\"StoreKit\"",
					"-framework",
					"\"SystemConfiguration\"",
					"-all_load",
				);
				PRODUCT_BUNDLE_IDENTIFIER = jp.techacademy.shunichi.tanaka;
				PRODUCT_NAME = "$(TARGET_NAME)";
				SWIFT_OBJC_BRIDGING_HEADER = "Instagram/Instagram-Bridging-Header.h";
			};
			name = Debug;
		};
		CF0225E81D63FD4D0082B7A7 /* Release */ = {
			isa = XCBuildConfiguration;
			baseConfigurationReference = 70FBC1BD1FB9FA2F244E8559 /* Pods-Instagram.release.xcconfig */;
			buildSettings = {
				ASSETCATALOG_COMPILER_APPICON_NAME = AppIcon;
				FRAMEWORK_SEARCH_PATHS = (
					"$(inherited)",
					"$(PROJECT_DIR)/Instagram",
				);
				INFOPLIST_FILE = Instagram/Info.plist;
				LD_RUNPATH_SEARCH_PATHS = "$(inherited) @executable_path/Frameworks";
				OTHER_LDFLAGS = (
					"$(inherited)",
					"-ObjC",
					"-l\"c++\"",
					"-l\"icucore\"",
					"-l\"sqlite3\"",
					"-l\"z\"",
					"-framework",
					"\"AdSupport\"",
					"-framework",
					"\"AddressBook\"",
					"-framework",
					"\"CFNetwork\"",
					"-framework",
					"\"CoreGraphics\"",
					"-framework",
					"\"ESTabBarController\"",
					"-framework",
					"\"FirebaseAnalytics\"",
					"-framework",
					"\"FirebaseAuth\"",
					"-framework",
					"\"FirebaseDatabase\"",
					"-framework",
					"\"FirebaseInstanceID\"",
					"-framework",
					"\"GoogleInterchangeUtilities\"",
					"-framework",
					"\"GoogleNetworkingUtilities\"",
					"-framework",
					"\"GoogleParsingUtilities\"",
					"-framework",
					"\"GoogleSymbolUtilities\"",
					"-framework",
					"\"GoogleUtilities\"",
					"-framework",
					"\"SVProgressHUD\"",
					"-framework",
					"\"SafariServices\"",
					"-framework",
					"\"Security\"",
					"-framework",
					"\"StoreKit\"",
					"-framework",
					"\"SystemConfiguration\"",
					"-all_load",
				);
				PRODUCT_BUNDLE_IDENTIFIER = jp.techacademy.shunichi.tanaka;
				PRODUCT_NAME = "$(TARGET_NAME)";
				SWIFT_OBJC_BRIDGING_HEADER = "Instagram/Instagram-Bridging-Header.h";
			};
			name = Release;
		};
		CF0225EA1D63FD4D0082B7A7 /* Debug */ = {
			isa = XCBuildConfiguration;
			baseConfigurationReference = DD56A9B90642BE73885E01ED /* Pods-InstagramTests.debug.xcconfig */;
			buildSettings = {
				BUNDLE_LOADER = "$(TEST_HOST)";
				INFOPLIST_FILE = InstagramTests/Info.plist;
				LD_RUNPATH_SEARCH_PATHS = "$(inherited) @executable_path/Frameworks @loader_path/Frameworks";
				PRODUCT_BUNDLE_IDENTIFIER = jp.techacademy.shunichi.tanaka.InstagramTests;
				PRODUCT_NAME = "$(TARGET_NAME)";
				TEST_HOST = "$(BUILT_PRODUCTS_DIR)/Instagram.app/Instagram";
			};
			name = Debug;
		};
		CF0225EB1D63FD4D0082B7A7 /* Release */ = {
			isa = XCBuildConfiguration;
			baseConfigurationReference = 7368661B4EBDADE312775DB4 /* Pods-InstagramTests.release.xcconfig */;
			buildSettings = {
				BUNDLE_LOADER = "$(TEST_HOST)";
				INFOPLIST_FILE = InstagramTests/Info.plist;
				LD_RUNPATH_SEARCH_PATHS = "$(inherited) @executable_path/Frameworks @loader_path/Frameworks";
				PRODUCT_BUNDLE_IDENTIFIER = jp.techacademy.shunichi.tanaka.InstagramTests;
				PRODUCT_NAME = "$(TARGET_NAME)";
				TEST_HOST = "$(BUILT_PRODUCTS_DIR)/Instagram.app/Instagram";
			};
			name = Release;
		};
		CF0225ED1D63FD4D0082B7A7 /* Debug */ = {
			isa = XCBuildConfiguration;
			baseConfigurationReference = A0E5E59337A6BB9F9F711B5E /* Pods-InstagramUITests.debug.xcconfig */;
			buildSettings = {
				INFOPLIST_FILE = InstagramUITests/Info.plist;
				LD_RUNPATH_SEARCH_PATHS = "$(inherited) @executable_path/Frameworks @loader_path/Frameworks";
				PRODUCT_BUNDLE_IDENTIFIER = jp.techacademy.shunichi.tanaka.InstagramUITests;
				PRODUCT_NAME = "$(TARGET_NAME)";
				TEST_TARGET_NAME = Instagram;
			};
			name = Debug;
		};
		CF0225EE1D63FD4D0082B7A7 /* Release */ = {
			isa = XCBuildConfiguration;
			baseConfigurationReference = 17A62809200D747E0FE4C499 /* Pods-InstagramUITests.release.xcconfig */;
			buildSettings = {
				INFOPLIST_FILE = InstagramUITests/Info.plist;
				LD_RUNPATH_SEARCH_PATHS = "$(inherited) @executable_path/Frameworks @loader_path/Frameworks";
				PRODUCT_BUNDLE_IDENTIFIER = jp.techacademy.shunichi.tanaka.InstagramUITests;
				PRODUCT_NAME = "$(TARGET_NAME)";
				TEST_TARGET_NAME = Instagram;
			};
			name = Release;
		};
/* End XCBuildConfiguration section */

/* Begin XCConfigurationList section */
		CF0225B91D63FD4D0082B7A7 /* Build configuration list for PBXProject "Instagram" */ = {
			isa = XCConfigurationList;
			buildConfigurations = (
				CF0225E41D63FD4D0082B7A7 /* Debug */,
				CF0225E51D63FD4D0082B7A7 /* Release */,
			);
			defaultConfigurationIsVisible = 0;
			defaultConfigurationName = Release;
		};
		CF0225E61D63FD4D0082B7A7 /* Build configuration list for PBXNativeTarget "Instagram" */ = {
			isa = XCConfigurationList;
			buildConfigurations = (
				CF0225E71D63FD4D0082B7A7 /* Debug */,
				CF0225E81D63FD4D0082B7A7 /* Release */,
			);
			defaultConfigurationIsVisible = 0;
			defaultConfigurationName = Release;
		};
		CF0225E91D63FD4D0082B7A7 /* Build configuration list for PBXNativeTarget "InstagramTests" */ = {
			isa = XCConfigurationList;
			buildConfigurations = (
				CF0225EA1D63FD4D0082B7A7 /* Debug */,
				CF0225EB1D63FD4D0082B7A7 /* Release */,
			);
			defaultConfigurationIsVisible = 0;
			defaultConfigurationName = Release;
		};
		CF0225EC1D63FD4D0082B7A7 /* Build configuration list for PBXNativeTarget "InstagramUITests" */ = {
			isa = XCConfigurationList;
			buildConfigurations = (
				CF0225ED1D63FD4D0082B7A7 /* Debug */,
				CF0225EE1D63FD4D0082B7A7 /* Release */,
			);
			defaultConfigurationIsVisible = 0;
			defaultConfigurationName = Release;
		};
/* End XCConfigurationList section */
	};
	rootObject = CF0225B61D63FD4D0082B7A7 /* Project object */;
}
